
Microsoft Visual Studio Solution File, Format Version 12.00
# Visual Studio Version 17
VisualStudioVersion = 17.14.36310.24
MinimumVisualStudioVersion = 10.0.40219.1
Project("{FAE04EC0-301F-11D3-BF4B-00C04F79EFBC}") = "UniK", "UniK\UniK.csproj", "{FBADA673-832B-4AD0-83EC-77CEE4827FC5}"
EndProject
Project("{FAE04EC0-301F-11D3-BF4B-00C04F79EFBC}") = "UniK.Core", "UniK.Core\UniK.Core.csproj", "{33860ACF-107E-4900-8FD0-7EB3F8D70CE1}"
EndProject
Project("{FAE04EC0-301F-11D3-BF4B-00C04F79EFBC}") = "UniK.Infrastructure", "UniK.Infrastructure\UniK.Infrastructure.csproj", "{AE7252DE-DBD1-416A-81EA-05AB54BE4076}"
EndProject
Global
	GlobalSection(SolutionConfigurationPlatforms) = preSolution
		Debug|Any CPU = Debug|Any CPU
		Release|Any CPU = Release|Any CPU
	EndGlobalSection
	GlobalSection(ProjectConfigurationPlatforms) = postSolution
		{FBADA673-832B-4AD0-83EC-77CEE4827FC5}.Debug|Any CPU.ActiveCfg = Debug|Any CPU
		{FBADA673-832B-4AD0-83EC-77CEE4827FC5}.Debug|Any CPU.Build.0 = Debug|Any CPU
		{FBADA673-832B-4AD0-83EC-77CEE4827FC5}.Release|Any CPU.ActiveCfg = Release|Any CPU
		{FBADA673-832B-4AD0-83EC-77CEE4827FC5}.Release|Any CPU.Build.0 = Release|Any CPU
		{33860ACF-107E-4900-8FD0-7EB3F8D70CE1}.Debug|Any CPU.ActiveCfg = Debug|Any CPU
		{33860ACF-107E-4900-8FD0-7EB3F8D70CE1}.Debug|Any CPU.Build.0 = Debug|Any CPU
		{33860ACF-107E-4900-8FD0-7EB3F8D70CE1}.Release|Any CPU.ActiveCfg = Release|Any CPU
		{33860ACF-107E-4900-8FD0-7EB3F8D70CE1}.Release|Any CPU.Build.0 = Release|Any CPU
		{AE7252DE-DBD1-416A-81EA-05AB54BE4076}.Debug|Any CPU.ActiveCfg = Debug|Any CPU
		{AE7252DE-DBD1-416A-81EA-05AB54BE4076}.Debug|Any CPU.Build.0 = Debug|Any CPU
		{AE7252DE-DBD1-416A-81EA-05AB54BE4076}.Release|Any CPU.ActiveCfg = Release|Any CPU
		{AE7252DE-DBD1-416A-81EA-05AB54BE4076}.Release|Any CPU.Build.0 = Release|Any CPU
	EndGlobalSection
	GlobalSection(SolutionProperties) = preSolution
		HideSolutionNode = FALSE
	EndGlobalSection
	GlobalSection(ExtensibilityGlobals) = postSolution
		SolutionGuid = {0DB9DA12-5FAC-43A8-826B-E025235EC043}
	EndGlobalSection
EndGlobal
